
Microsoft Visual Studio Solution File, Format Version 12.00
# Visual Studio Version 17
VisualStudioVersion = 17.0.31903.59
MinimumVisualStudioVersion = 10.0.40219.1
Project("{2150E333-8FDC-42A3-9474-1A3956D46DE8}") = "src", "src", "{827E0CD3-B72D-47B6-A68D-7590B98EB39B}"
EndProject
Project("{FAE04EC0-301F-11D3-BF4B-00C04F79EFBC}") = "DartSmartNet.Server.Domain", "src\DartSmartNet.Server.Domain\DartSmartNet.Server.Domain.csproj", "{A460FAB1-4358-4547-8295-B3DE9114B261}"
EndProject
Project("{FAE04EC0-301F-11D3-BF4B-00C04F79EFBC}") = "DartSmartNet.Server.Application", "src\DartSmartNet.Server.Application\DartSmartNet.Server.Application.csproj", "{1EE2CBA2-558D-45AA-93C5-1A728D9352DA}"
EndProject
Project("{FAE04EC0-301F-11D3-BF4B-00C04F79EFBC}") = "DartSmartNet.Server.Infrastructure", "src\DartSmartNet.Server.Infrastructure\DartSmartNet.Server.Infrastructure.csproj", "{357DA317-FCFA-4536-8A18-2AE3DDD36A07}"
EndProject
Project("{FAE04EC0-301F-11D3-BF4B-00C04F79EFBC}") = "DartSmartNet.Server.API", "src\DartSmartNet.Server.API\DartSmartNet.Server.API.csproj", "{B4DE7EB4-AE49-4DBD-AD01-6CF101B984B9}"
EndProject
Project("{2150E333-8FDC-42A3-9474-1A3956D46DE8}") = "tests", "tests", "{0AB3BF05-4346-4AA6-1389-037BE0695223}"
EndProject
Project("{FAE04EC0-301F-11D3-BF4B-00C04F79EFBC}") = "DartSmartNet.Server.Domain.Tests", "tests\DartSmartNet.Server.Domain.Tests\DartSmartNet.Server.Domain.Tests.csproj", "{79CF9D4B-C75A-4907-BA10-E2854555AD59}"
EndProject
Project("{FAE04EC0-301F-11D3-BF4B-00C04F79EFBC}") = "DartSmartNet.Server.Application.Tests", "tests\DartSmartNet.Server.Application.Tests\DartSmartNet.Server.Application.Tests.csproj", "{FFC65CDE-9D6A-4D25-9582-1911F1F65A7F}"
EndProject
Project("{FAE04EC0-301F-11D3-BF4B-00C04F79EFBC}") = "DartSmartNet.Server.Infrastructure.Tests", "tests\DartSmartNet.Server.Infrastructure.Tests\DartSmartNet.Server.Infrastructure.Tests.csproj", "{D06C5002-70C1-483B-B0D8-5577EE0D4B36}"
EndProject
Project("{FAE04EC0-301F-11D3-BF4B-00C04F79EFBC}") = "DartSmartNet.Server.API.Tests", "tests\DartSmartNet.Server.API.Tests\DartSmartNet.Server.API.Tests.csproj", "{6F7CA563-8BE7-4E65-81E5-2389D7A1CA19}"
EndProject
Global
	GlobalSection(SolutionConfigurationPlatforms) = preSolution
		Debug|Any CPU = Debug|Any CPU
		Debug|x64 = Debug|x64
		Debug|x86 = Debug|x86
		Release|Any CPU = Release|Any CPU
		Release|x64 = Release|x64
		Release|x86 = Release|x86
	EndGlobalSection
	GlobalSection(ProjectConfigurationPlatforms) = postSolution
		{A460FAB1-4358-4547-8295-B3DE9114B261}.Debug|Any CPU.ActiveCfg = Debug|Any CPU
		{A460FAB1-4358-4547-8295-B3DE9114B261}.Debug|Any CPU.Build.0 = Debug|Any CPU
		{A460FAB1-4358-4547-8295-B3DE9114B261}.Debug|x64.ActiveCfg = Debug|Any CPU
		{A460FAB1-4358-4547-8295-B3DE9114B261}.Debug|x64.Build.0 = Debug|Any CPU
		{A460FAB1-4358-4547-8295-B3DE9114B261}.Debug|x86.ActiveCfg = Debug|Any CPU
		{A460FAB1-4358-4547-8295-B3DE9114B261}.Debug|x86.Build.0 = Debug|Any CPU
		{A460FAB1-4358-4547-8295-B3DE9114B261}.Release|Any CPU.ActiveCfg = Release|Any CPU
		{A460FAB1-4358-4547-8295-B3DE9114B261}.Release|Any CPU.Build.0 = Release|Any CPU
		{A460FAB1-4358-4547-8295-B3DE9114B261}.Release|x64.ActiveCfg = Release|Any CPU
		{A460FAB1-4358-4547-8295-B3DE9114B261}.Release|x64.Build.0 = Release|Any CPU
		{A460FAB1-4358-4547-8295-B3DE9114B261}.Release|x86.ActiveCfg = Release|Any CPU
		{A460FAB1-4358-4547-8295-B3DE9114B261}.Release|x86.Build.0 = Release|Any CPU
		{1EE2CBA2-558D-45AA-93C5-1A728D9352DA}.Debug|Any CPU.ActiveCfg = Debug|Any CPU
		{1EE2CBA2-558D-45AA-93C5-1A728D9352DA}.Debug|Any CPU.Build.0 = Debug|Any CPU
		{1EE2CBA2-558D-45AA-93C5-1A728D9352DA}.Debug|x64.ActiveCfg = Debug|Any CPU
		{1EE2CBA2-558D-45AA-93C5-1A728D9352DA}.Debug|x64.Build.0 = Debug|Any CPU
		{1EE2CBA2-558D-45AA-93C5-1A728D9352DA}.Debug|x86.ActiveCfg = Debug|Any CPU
		{1EE2CBA2-558D-45AA-93C5-1A728D9352DA}.Debug|x86.Build.0 = Debug|Any CPU
		{1EE2CBA2-558D-45AA-93C5-1A728D9352DA}.Release|Any CPU.ActiveCfg = Release|Any CPU
		{1EE2CBA2-558D-45AA-93C5-1A728D9352DA}.Release|Any CPU.Build.0 = Release|Any CPU
		{1EE2CBA2-558D-45AA-93C5-1A728D9352DA}.Release|x64.ActiveCfg = Release|Any CPU
		{1EE2CBA2-558D-45AA-93C5-1A728D9352DA}.Release|x64.Build.0 = Release|Any CPU
		{1EE2CBA2-558D-45AA-93C5-1A728D9352DA}.Release|x86.ActiveCfg = Release|Any CPU
		{1EE2CBA2-558D-45AA-93C5-1A728D9352DA}.Release|x86.Build.0 = Release|Any CPU
		{357DA317-FCFA-4536-8A18-2AE3DDD36A07}.Debug|Any CPU.ActiveCfg = Debug|Any CPU
		{357DA317-FCFA-4536-8A18-2AE3DDD36A07}.Debug|Any CPU.Build.0 = Debug|Any CPU
		{357DA317-FCFA-4536-8A18-2AE3DDD36A07}.Debug|x64.ActiveCfg = Debug|Any CPU
		{357DA317-FCFA-4536-8A18-2AE3DDD36A07}.Debug|x64.Build.0 = Debug|Any CPU
		{357DA317-FCFA-4536-8A18-2AE3DDD36A07}.Debug|x86.ActiveCfg = Debug|Any CPU
		{357DA317-FCFA-4536-8A18-2AE3DDD36A07}.Debug|x86.Build.0 = Debug|Any CPU
		{357DA317-FCFA-4536-8A18-2AE3DDD36A07}.Release|Any CPU.ActiveCfg = Release|Any CPU
		{357DA317-FCFA-4536-8A18-2AE3DDD36A07}.Release|Any CPU.Build.0 = Release|Any CPU
		{357DA317-FCFA-4536-8A18-2AE3DDD36A07}.Release|x64.ActiveCfg = Release|Any CPU
		{357DA317-FCFA-4536-8A18-2AE3DDD36A07}.Release|x64.Build.0 = Release|Any CPU
		{357DA317-FCFA-4536-8A18-2AE3DDD36A07}.Release|x86.ActiveCfg = Release|Any CPU
		{357DA317-FCFA-4536-8A18-2AE3DDD36A07}.Release|x86.Build.0 = Release|Any CPU
		{B4DE7EB4-AE49-4DBD-AD01-6CF101B984B9}.Debug|Any CPU.ActiveCfg = Debug|Any CPU
		{B4DE7EB4-AE49-4DBD-AD01-6CF101B984B9}.Debug|Any CPU.Build.0 = Debug|Any CPU
		{B4DE7EB4-AE49-4DBD-AD01-6CF101B984B9}.Debug|x64.ActiveCfg = Debug|Any CPU
		{B4DE7EB4-AE49-4DBD-AD01-6CF101B984B9}.Debug|x64.Build.0 = Debug|Any CPU
		{B4DE7EB4-AE49-4DBD-AD01-6CF101B984B9}.Debug|x86.ActiveCfg = Debug|Any CPU
		{B4DE7EB4-AE49-4DBD-AD01-6CF101B984B9}.Debug|x86.Build.0 = Debug|Any CPU
		{B4DE7EB4-AE49-4DBD-AD01-6CF101B984B9}.Release|Any CPU.ActiveCfg = Release|Any CPU
		{B4DE7EB4-AE49-4DBD-AD01-6CF101B984B9}.Release|Any CPU.Build.0 = Release|Any CPU
		{B4DE7EB4-AE49-4DBD-AD01-6CF101B984B9}.Release|x64.ActiveCfg = Release|Any CPU
		{B4DE7EB4-AE49-4DBD-AD01-6CF101B984B9}.Release|x64.Build.0 = Release|Any CPU
		{B4DE7EB4-AE49-4DBD-AD01-6CF101B984B9}.Release|x86.ActiveCfg = Release|Any CPU
		{B4DE7EB4-AE49-4DBD-AD01-6CF101B984B9}.Release|x86.Build.0 = Release|Any CPU
		{79CF9D4B-C75A-4907-BA10-E2854555AD59}.Debug|Any CPU.ActiveCfg = Debug|Any CPU
		{79CF9D4B-C75A-4907-BA10-E2854555AD59}.Debug|Any CPU.Build.0 = Debug|Any CPU
		{79CF9D4B-C75A-4907-BA10-E2854555AD59}.Debug|x64.ActiveCfg = Debug|Any CPU
		{79CF9D4B-C75A-4907-BA10-E2854555AD59}.Debug|x64.Build.0 = Debug|Any CPU
		{79CF9D4B-C75A-4907-BA10-E2854555AD59}.Debug|x86.ActiveCfg = Debug|Any CPU
		{79CF9D4B-C75A-4907-BA10-E2854555AD59}.Debug|x86.Build.0 = Debug|Any CPU
		{79CF9D4B-C75A-4907-BA10-E2854555AD59}.Release|Any CPU.ActiveCfg = Release|Any CPU
		{79CF9D4B-C75A-4907-BA10-E2854555AD59}.Release|Any CPU.Build.0 = Release|Any CPU
		{79CF9D4B-C75A-4907-BA10-E2854555AD59}.Release|x64.ActiveCfg = Release|Any CPU
		{79CF9D4B-C75A-4907-BA10-E2854555AD59}.Release|x64.Build.0 = Release|Any CPU
		{79CF9D4B-C75A-4907-BA10-E2854555AD59}.Release|x86.ActiveCfg = Release|Any CPU
		{79CF9D4B-C75A-4907-BA10-E2854555AD59}.Release|x86.Build.0 = Release|Any CPU
		{FFC65CDE-9D6A-4D25-9582-1911F1F65A7F}.Debug|Any CPU.ActiveCfg = Debug|Any CPU
		{FFC65CDE-9D6A-4D25-9582-1911F1F65A7F}.Debug|Any CPU.Build.0 = Debug|Any CPU
		{FFC65CDE-9D6A-4D25-9582-1911F1F65A7F}.Debug|x64.ActiveCfg = Debug|Any CPU
		{FFC65CDE-9D6A-4D25-9582-1911F1F65A7F}.Debug|x64.Build.0 = Debug|Any CPU
		{FFC65CDE-9D6A-4D25-9582-1911F1F65A7F}.Debug|x86.ActiveCfg = Debug|Any CPU
		{FFC65CDE-9D6A-4D25-9582-1911F1F65A7F}.Debug|x86.Build.0 = Debug|Any CPU
		{FFC65CDE-9D6A-4D25-9582-1911F1F65A7F}.Release|Any CPU.ActiveCfg = Release|Any CPU
		{FFC65CDE-9D6A-4D25-9582-1911F1F65A7F}.Release|Any CPU.Build.0 = Release|Any CPU
		{FFC65CDE-9D6A-4D25-9582-1911F1F65A7F}.Release|x64.ActiveCfg = Release|Any CPU
		{FFC65CDE-9D6A-4D25-9582-1911F1F65A7F}.Release|x64.Build.0 = Release|Any CPU
		{FFC65CDE-9D6A-4D25-9582-1911F1F65A7F}.Release|x86.ActiveCfg = Release|Any CPU
		{FFC65CDE-9D6A-4D25-9582-1911F1F65A7F}.Release|x86.Build.0 = Release|Any CPU
		{D06C5002-70C1-483B-B0D8-5577EE0D4B36}.Debug|Any CPU.ActiveCfg = Debug|Any CPU
		{D06C5002-70C1-483B-B0D8-5577EE0D4B36}.Debug|Any CPU.Build.0 = Debug|Any CPU
		{D06C5002-70C1-483B-B0D8-5577EE0D4B36}.Debug|x64.ActiveCfg = Debug|Any CPU
		{D06C5002-70C1-483B-B0D8-5577EE0D4B36}.Debug|x64.Build.0 = Debug|Any CPU
		{D06C5002-70C1-483B-B0D8-5577EE0D4B36}.Debug|x86.ActiveCfg = Debug|Any CPU
		{D06C5002-70C1-483B-B0D8-5577EE0D4B36}.Debug|x86.Build.0 = Debug|Any CPU
		{D06C5002-70C1-483B-B0D8-5577EE0D4B36}.Release|Any CPU.ActiveCfg = Release|Any CPU
		{D06C5002-70C1-483B-B0D8-5577EE0D4B36}.Release|Any CPU.Build.0 = Release|Any CPU
		{D06C5002-70C1-483B-B0D8-5577EE0D4B36}.Release|x64.ActiveCfg = Release|Any CPU
		{D06C5002-70C1-483B-B0D8-5577EE0D4B36}.Release|x64.Build.0 = Release|Any CPU
		{D06C5002-70C1-483B-B0D8-5577EE0D4B36}.Release|x86.ActiveCfg = Release|Any CPU
		{D06C5002-70C1-483B-B0D8-5577EE0D4B36}.Release|x86.Build.0 = Release|Any CPU
		{6F7CA563-8BE7-4E65-81E5-2389D7A1CA19}.Debug|Any CPU.ActiveCfg = Debug|Any CPU
		{6F7CA563-8BE7-4E65-81E5-2389D7A1CA19}.Debug|Any CPU.Build.0 = Debug|Any CPU
		{6F7CA563-8BE7-4E65-81E5-2389D7A1CA19}.Debug|x64.ActiveCfg = Debug|Any CPU
		{6F7CA563-8BE7-4E65-81E5-2389D7A1CA19}.Debug|x64.Build.0 = Debug|Any CPU
		{6F7CA563-8BE7-4E65-81E5-2389D7A1CA19}.Debug|x86.ActiveCfg = Debug|Any CPU
		{6F7CA563-8BE7-4E65-81E5-2389D7A1CA19}.Debug|x86.Build.0 = Debug|Any CPU
		{6F7CA563-8BE7-4E65-81E5-2389D7A1CA19}.Release|Any CPU.ActiveCfg = Release|Any CPU
		{6F7CA563-8BE7-4E65-81E5-2389D7A1CA19}.Release|Any CPU.Build.0 = Release|Any CPU
		{6F7CA563-8BE7-4E65-81E5-2389D7A1CA19}.Release|x64.ActiveCfg = Release|Any CPU
		{6F7CA563-8BE7-4E65-81E5-2389D7A1CA19}.Release|x64.Build.0 = Release|Any CPU
		{6F7CA563-8BE7-4E65-81E5-2389D7A1CA19}.Release|x86.ActiveCfg = Release|Any CPU
		{6F7CA563-8BE7-4E65-81E5-2389D7A1CA19}.Release|x86.Build.0 = Release|Any CPU
	EndGlobalSection
	GlobalSection(SolutionProperties) = preSolution
		HideSolutionNode = FALSE
	EndGlobalSection
	GlobalSection(NestedProjects) = preSolution
		{A460FAB1-4358-4547-8295-B3DE9114B261} = {827E0CD3-B72D-47B6-A68D-7590B98EB39B}
		{1EE2CBA2-558D-45AA-93C5-1A728D9352DA} = {827E0CD3-B72D-47B6-A68D-7590B98EB39B}
		{357DA317-FCFA-4536-8A18-2AE3DDD36A07} = {827E0CD3-B72D-47B6-A68D-7590B98EB39B}
		{B4DE7EB4-AE49-4DBD-AD01-6CF101B984B9} = {827E0CD3-B72D-47B6-A68D-7590B98EB39B}
		{79CF9D4B-C75A-4907-BA10-E2854555AD59} = {0AB3BF05-4346-4AA6-1389-037BE0695223}
		{FFC65CDE-9D6A-4D25-9582-1911F1F65A7F} = {0AB3BF05-4346-4AA6-1389-037BE0695223}
		{D06C5002-70C1-483B-B0D8-5577EE0D4B36} = {0AB3BF05-4346-4AA6-1389-037BE0695223}
		{6F7CA563-8BE7-4E65-81E5-2389D7A1CA19} = {0AB3BF05-4346-4AA6-1389-037BE0695223}
	EndGlobalSection
EndGlobal
